{
  "requires": true,
  "lockfileVersion": 1,
  "dependencies": {
    "@types/jquery": {
      "version": "3.3.1",
      "resolved": "https://registry.npmjs.org/@types/jquery/-/jquery-3.3.1.tgz",
      "integrity": "sha512-N3h+rzN518yl2xKrW0o6KKdNmWZ+OwG6SoM5TBEQFF0tTv5wXPEsoOuYQ2Kt3/89XbcSZUJLdjiT/2c3BR/ApQ=="
    },
    "@types/underscore": {
      "version": "1.8.8",
      "resolved": "https://registry.npmjs.org/@types/underscore/-/underscore-1.8.8.tgz",
      "integrity": "sha512-EquzRwzAAs04anQ8/6MYXFKvHoD+MIlF+gu87EDda7dN9zrKvQYHsc9VFAPB1xY4tUHQVvBMtjsHrvof2EE1Mg=="
    },
    "angular2-toaster": {
      "version": "5.0.0-alpha.1",
      "resolved": "https://registry.npmjs.org/angular2-toaster/-/angular2-toaster-5.0.0-alpha.1.tgz",
      "integrity": "sha1-JLVDXIxKtRgMYHH5k57hP1UyQow="
    },
    "jquery": {
      "version": "3.3.1",
      "resolved": "https://registry.npmjs.org/jquery/-/jquery-3.3.1.tgz",
      "integrity": "sha512-Ubldcmxp5np52/ENotGxlLe6aGMvmF4R8S6tZjsP6Knsaxd/xp3Zrh50cG93lR6nPXyUFwzN3ZSOQI0wRJNdGg=="
    },
    "underscore": {
      "version": "1.8.3",
      "resolved": "https://registry.npmjs.org/underscore/-/underscore-1.8.3.tgz",
      "integrity": "sha1-Tz+1OxBuYJf8+ctBCfKl6b36UCI="
    }
  }
}
